// !$*UTF8*$!
{
	archiveVersion = 1;
	classes = {
	};
	objectVersion = 56;
	objects = {

/* Begin PBXBuildFile section */
		D244FF112A8ECA0D00199360 /* AppDelegate.swift in Sources */ = {isa = PBXBuildFile; fileRef = D244FF102A8ECA0D00199360 /* AppDelegate.swift */; };
		D244FF132A8ECA0D00199360 /* SceneDelegate.swift in Sources */ = {isa = PBXBuildFile; fileRef = D244FF122A8ECA0D00199360 /* SceneDelegate.swift */; };
		D244FF152A8ECA0D00199360 /* ViewController.swift in Sources */ = {isa = PBXBuildFile; fileRef = D244FF142A8ECA0D00199360 /* ViewController.swift */; };
		D244FF182A8ECA0D00199360 /* Main.storyboard in Resources */ = {isa = PBXBuildFile; fileRef = D244FF162A8ECA0D00199360 /* Main.storyboard */; };
		D244FF1A2A8ECA0E00199360 /* Assets.xcassets in Resources */ = {isa = PBXBuildFile; fileRef = D244FF192A8ECA0E00199360 /* Assets.xcassets */; };
		D244FF1D2A8ECA0E00199360 /* LaunchScreen.storyboard in Resources */ = {isa = PBXBuildFile; fileRef = D244FF1B2A8ECA0E00199360 /* LaunchScreen.storyboard */; };
		D244FF282A8ECA0E00199360 /* BeerAppTests.swift in Sources */ = {isa = PBXBuildFile; fileRef = D244FF272A8ECA0E00199360 /* BeerAppTests.swift */; };
		D244FF322A8ECA0F00199360 /* BeerAppUITests.swift in Sources */ = {isa = PBXBuildFile; fileRef = D244FF312A8ECA0F00199360 /* BeerAppUITests.swift */; };
		D244FF342A8ECA0F00199360 /* BeerAppUITestsLaunchTests.swift in Sources */ = {isa = PBXBuildFile; fileRef = D244FF332A8ECA0F00199360 /* BeerAppUITestsLaunchTests.swift */; };
/* End PBXBuildFile section */

/* Begin PBXContainerItemProxy section */
		D244FF242A8ECA0E00199360 /* PBXContainerItemProxy */ = {
			isa = PBXContainerItemProxy;
			containerPortal = D244FF052A8ECA0D00199360 /* Project object */;
			proxyType = 1;
			remoteGlobalIDString = D244FF0C2A8ECA0D00199360;
			remoteInfo = BeerApp;
		};
		D244FF2E2A8ECA0F00199360 /* PBXContainerItemProxy */ = {
			isa = PBXContainerItemProxy;
			containerPortal = D244FF052A8ECA0D00199360 /* Project object */;
			proxyType = 1;
			remoteGlobalIDString = D244FF0C2A8ECA0D00199360;
			remoteInfo = BeerApp;
		};
/* End PBXContainerItemProxy section */

/* Begin PBXFileReference section */
		D244FF0D2A8ECA0D00199360 /* BeerApp.app */ = {isa = PBXFileReference; explicitFileType = wrapper.application; includeInIndex = 0; path = BeerApp.app; sourceTree = BUILT_PRODUCTS_DIR; };
		D244FF102A8ECA0D00199360 /* AppDelegate.swift */ = {isa = PBXFileReference; lastKnownFileType = sourcecode.swift; path = AppDelegate.swift; sourceTree = "<group>"; };
		D244FF122A8ECA0D00199360 /* SceneDelegate.swift */ = {isa = PBXFileReference; lastKnownFileType = sourcecode.swift; path = SceneDelegate.swift; sourceTree = "<group>"; };
		D244FF142A8ECA0D00199360 /* ViewController.swift */ = {isa = PBXFileReference; lastKnownFileType = sourcecode.swift; path = ViewController.swift; sourceTree = "<group>"; };
		D244FF172A8ECA0D00199360 /* Base */ = {isa = PBXFileReference; lastKnownFileType = file.storyboard; name = Base; path = Base.lproj/Main.storyboard; sourceTree = "<group>"; };
		D244FF192A8ECA0E00199360 /* Assets.xcassets */ = {isa = PBXFileReference; lastKnownFileType = folder.assetcatalog; path = Assets.xcassets; sourceTree = "<group>"; };
		D244FF1C2A8ECA0E00199360 /* Base */ = {isa = PBXFileReference; lastKnownFileType = file.storyboard; name = Base; path = Base.lproj/LaunchScreen.storyboard; sourceTree = "<group>"; };
		D244FF1E2A8ECA0E00199360 /* Info.plist */ = {isa = PBXFileReference; lastKnownFileType = text.plist.xml; path = Info.plist; sourceTree = "<group>"; };
		D244FF232A8ECA0E00199360 /* BeerAppTests.xctest */ = {isa = PBXFileReference; explicitFileType = wrapper.cfbundle; includeInIndex = 0; path = BeerAppTests.xctest; sourceTree = BUILT_PRODUCTS_DIR; };
		D244FF272A8ECA0E00199360 /* BeerAppTests.swift */ = {isa = PBXFileReference; lastKnownFileType = sourcecode.swift; path = BeerAppTests.swift; sourceTree = "<group>"; };
		D244FF2D2A8ECA0F00199360 /* BeerAppUITests.xctest */ = {isa = PBXFileReference; explicitFileType = wrapper.cfbundle; includeInIndex = 0; path = BeerAppUITests.xctest; sourceTree = BUILT_PRODUCTS_DIR; };
		D244FF312A8ECA0F00199360 /* BeerAppUITests.swift */ = {isa = PBXFileReference; lastKnownFileType = sourcecode.swift; path = BeerAppUITests.swift; sourceTree = "<group>"; };
		D244FF332A8ECA0F00199360 /* BeerAppUITestsLaunchTests.swift */ = {isa = PBXFileReference; lastKnownFileType = sourcecode.swift; path = BeerAppUITestsLaunchTests.swift; sourceTree = "<group>"; };
/* End PBXFileReference section */

/* Begin PBXFrameworksBuildPhase section */
		D244FF0A2A8ECA0D00199360 /* Frameworks */ = {
			isa = PBXFrameworksBuildPhase;
			buildActionMask = 2147483647;
			files = (
			);
			runOnlyForDeploymentPostprocessing = 0;
		};
		D244FF202A8ECA0E00199360 /* Frameworks */ = {
			isa = PBXFrameworksBuildPhase;
			buildActionMask = 2147483647;
			files = (
			);
			runOnlyForDeploymentPostprocessing = 0;
		};
		D244FF2A2A8ECA0E00199360 /* Frameworks */ = {
			isa = PBXFrameworksBuildPhase;
			buildActionMask = 2147483647;
			files = (
			);
			runOnlyForDeploymentPostprocessing = 0;
		};
/* End PBXFrameworksBuildPhase section */

/* Begin PBXGroup section */
		D244FF042A8ECA0D00199360 = {
			isa = PBXGroup;
			children = (
				D244FF0F2A8ECA0D00199360 /* BeerApp */,
				D244FF262A8ECA0E00199360 /* BeerAppTests */,
				D244FF302A8ECA0F00199360 /* BeerAppUITests */,
				D244FF0E2A8ECA0D00199360 /* Products */,
			);
			sourceTree = "<group>";
		};
		D244FF0E2A8ECA0D00199360 /* Products */ = {
			isa = PBXGroup;
			children = (
				D244FF0D2A8ECA0D00199360 /* BeerApp.app */,
				D244FF232A8ECA0E00199360 /* BeerAppTests.xctest */,
				D244FF2D2A8ECA0F00199360 /* BeerAppUITests.xctest */,
			);
			name = Products;
			sourceTree = "<group>";
		};
		D244FF0F2A8ECA0D00199360 /* BeerApp */ = {
			isa = PBXGroup;
			children = (
				D244FF102A8ECA0D00199360 /* AppDelegate.swift */,
				D244FF122A8ECA0D00199360 /* SceneDelegate.swift */,
				D244FF142A8ECA0D00199360 /* ViewController.swift */,
				D244FF162A8ECA0D00199360 /* Main.storyboard */,
				D244FF192A8ECA0E00199360 /* Assets.xcassets */,
				D244FF1B2A8ECA0E00199360 /* LaunchScreen.storyboard */,
				D244FF1E2A8ECA0E00199360 /* Info.plist */,
			);
			path = BeerApp;
			sourceTree = "<group>";
		};
		D244FF262A8ECA0E00199360 /* BeerAppTests */ = {
			isa = PBXGroup;
			children = (
				D244FF272A8ECA0E00199360 /* BeerAppTests.swift */,
			);
			path = BeerAppTests;
			sourceTree = "<group>";
		};
		D244FF302A8ECA0F00199360 /* BeerAppUITests */ = {
			isa = PBXGroup;
			children = (
				D244FF312A8ECA0F00199360 /* BeerAppUITests.swift */,
				D244FF332A8ECA0F00199360 /* BeerAppUITestsLaunchTests.swift */,
			);
			path = BeerAppUITests;
			sourceTree = "<group>";
		};
/* End PBXGroup section */

/* Begin PBXNativeTarget section */
		D244FF0C2A8ECA0D00199360 /* BeerApp */ = {
			isa = PBXNativeTarget;
			buildConfigurationList = D244FF372A8ECA0F00199360 /* Build configuration list for PBXNativeTarget "BeerApp" */;
			buildPhases = (
				D244FF092A8ECA0D00199360 /* Sources */,
				D244FF0A2A8ECA0D00199360 /* Frameworks */,
				D244FF0B2A8ECA0D00199360 /* Resources */,
			);
			buildRules = (
			);
			dependencies = (
			);
			name = BeerApp;
			productName = BeerApp;
			productReference = D244FF0D2A8ECA0D00199360 /* BeerApp.app */;
			productType = "com.apple.product-type.application";
		};
		D244FF222A8ECA0E00199360 /* BeerAppTests */ = {
			isa = PBXNativeTarget;
			buildConfigurationList = D244FF3A2A8ECA0F00199360 /* Build configuration list for PBXNativeTarget "BeerAppTests" */;
			buildPhases = (
				D244FF1F2A8ECA0E00199360 /* Sources */,
				D244FF202A8ECA0E00199360 /* Frameworks */,
				D244FF212A8ECA0E00199360 /* Resources */,
			);
			buildRules = (
			);
			dependencies = (
				D244FF252A8ECA0E00199360 /* PBXTargetDependency */,
			);
			name = BeerAppTests;
			productName = BeerAppTests;
			productReference = D244FF232A8ECA0E00199360 /* BeerAppTests.xctest */;
			productType = "com.apple.product-type.bundle.unit-test";
		};
		D244FF2C2A8ECA0E00199360 /* BeerAppUITests */ = {
			isa = PBXNativeTarget;
			buildConfigurationList = D244FF3D2A8ECA0F00199360 /* Build configuration list for PBXNativeTarget "BeerAppUITests" */;
			buildPhases = (
				D244FF292A8ECA0E00199360 /* Sources */,
				D244FF2A2A8ECA0E00199360 /* Frameworks */,
				D244FF2B2A8ECA0E00199360 /* Resources */,
			);
			buildRules = (
			);
			dependencies = (
				D244FF2F2A8ECA0F00199360 /* PBXTargetDependency */,
			);
			name = BeerAppUITests;
			productName = BeerAppUITests;
			productReference = D244FF2D2A8ECA0F00199360 /* BeerAppUITests.xctest */;
			productType = "com.apple.product-type.bundle.ui-testing";
		};
/* End PBXNativeTarget section */

/* Begin PBXProject section */
		D244FF052A8ECA0D00199360 /* Project object */ = {
			isa = PBXProject;
			attributes = {
				BuildIndependentTargetsInParallel = 1;
				LastSwiftUpdateCheck = 1430;
				LastUpgradeCheck = 1430;
				TargetAttributes = {
					D244FF0C2A8ECA0D00199360 = {
						CreatedOnToolsVersion = 14.3.1;
					};
					D244FF222A8ECA0E00199360 = {
						CreatedOnToolsVersion = 14.3.1;
						TestTargetID = D244FF0C2A8ECA0D00199360;
					};
					D244FF2C2A8ECA0E00199360 = {
						CreatedOnToolsVersion = 14.3.1;
						TestTargetID = D244FF0C2A8ECA0D00199360;
					};
				};
			};
			buildConfigurationList = D244FF082A8ECA0D00199360 /* Build configuration list for PBXProject "BeerApp" */;
			compatibilityVersion = "Xcode 14.0";
			developmentRegion = en;
			hasScannedForEncodings = 0;
			knownRegions = (
				en,
				Base,
			);
			mainGroup = D244FF042A8ECA0D00199360;
			productRefGroup = D244FF0E2A8ECA0D00199360 /* Products */;
			projectDirPath = "";
			projectRoot = "";
			targets = (
				D244FF0C2A8ECA0D00199360 /* BeerApp */,
				D244FF222A8ECA0E00199360 /* BeerAppTests */,
				D244FF2C2A8ECA0E00199360 /* BeerAppUITests */,
			);
		};
/* End PBXProject section */

/* Begin PBXResourcesBuildPhase section */
		D244FF0B2A8ECA0D00199360 /* Resources */ = {
			isa = PBXResourcesBuildPhase;
			buildActionMask = 2147483647;
			files = (
				D244FF1D2A8ECA0E00199360 /* LaunchScreen.storyboard in Resources */,
				D244FF1A2A8ECA0E00199360 /* Assets.xcassets in Resources */,
				D244FF182A8ECA0D00199360 /* Main.storyboard in Resources */,
			);
			runOnlyForDeploymentPostprocessing = 0;
		};
		D244FF212A8ECA0E00199360 /* Resources */ = {
			isa = PBXResourcesBuildPhase;
			buildActionMask = 2147483647;
			files = (
			);
			runOnlyForDeploymentPostprocessing = 0;
		};
		D244FF2B2A8ECA0E00199360 /* Resources */ = {
			isa = PBXResourcesBuildPhase;
			buildActionMask = 2147483647;
			files = (
			);
			runOnlyForDeploymentPostprocessing = 0;
		};
/* End PBXResourcesBuildPhase section */

/* Begin PBXSourcesBuildPhase section */
		D244FF092A8ECA0D00199360 /* Sources */ = {
			isa = PBXSourcesBuildPhase;
			buildActionMask = 2147483647;
			files = (
				D244FF152A8ECA0D00199360 /* ViewController.swift in Sources */,
				D244FF112A8ECA0D00199360 /* AppDelegate.swift in Sources */,
				D244FF132A8ECA0D00199360 /* SceneDelegate.swift in Sources */,
			);
			runOnlyForDeploymentPostprocessing = 0;
		};
		D244FF1F2A8ECA0E00199360 /* Sources */ = {
			isa = PBXSourcesBuildPhase;
			buildActionMask = 2147483647;
			files = (
				D244FF282A8ECA0E00199360 /* BeerAppTests.swift in Sources */,
			);
			runOnlyForDeploymentPostprocessing = 0;
		};
		D244FF292A8ECA0E00199360 /* Sources */ = {
			isa = PBXSourcesBuildPhase;
			buildActionMask = 2147483647;
			files = (
				D244FF342A8ECA0F00199360 /* BeerAppUITestsLaunchTests.swift in Sources */,
				D244FF322A8ECA0F00199360 /* BeerAppUITests.swift in Sources */,
			);
			runOnlyForDeploymentPostprocessing = 0;
		};
/* End PBXSourcesBuildPhase section */

/* Begin PBXTargetDependency section */
		D244FF252A8ECA0E00199360 /* PBXTargetDependency */ = {
			isa = PBXTargetDependency;
			target = D244FF0C2A8ECA0D00199360 /* BeerApp */;
			targetProxy = D244FF242A8ECA0E00199360 /* PBXContainerItemProxy */;
		};
		D244FF2F2A8ECA0F00199360 /* PBXTargetDependency */ = {
			isa = PBXTargetDependency;
			target = D244FF0C2A8ECA0D00199360 /* BeerApp */;
			targetProxy = D244FF2E2A8ECA0F00199360 /* PBXContainerItemProxy */;
		};
/* End PBXTargetDependency section */

/* Begin PBXVariantGroup section */
		D244FF162A8ECA0D00199360 /* Main.storyboard */ = {
			isa = PBXVariantGroup;
			children = (
				D244FF172A8ECA0D00199360 /* Base */,
			);
			name = Main.storyboard;
			sourceTree = "<group>";
		};
		D244FF1B2A8ECA0E00199360 /* LaunchScreen.storyboard */ = {
			isa = PBXVariantGroup;
			children = (
				D244FF1C2A8ECA0E00199360 /* Base */,
			);
			name = LaunchScreen.storyboard;
			sourceTree = "<group>";
		};
/* End PBXVariantGroup section */

/* Begin XCBuildConfiguration section */
		D244FF352A8ECA0F00199360 /* Debug */ = {
			isa = XCBuildConfiguration;
			buildSettings = {
				ALWAYS_SEARCH_USER_PATHS = NO;
				CLANG_ANALYZER_NONNULL = YES;
				CLANG_ANALYZER_NUMBER_OBJECT_CONVERSION = YES_AGGRESSIVE;
				CLANG_CXX_LANGUAGE_STANDARD = "gnu++20";
				CLANG_ENABLE_MODULES = YES;
				CLANG_ENABLE_OBJC_ARC = YES;
				CLANG_ENABLE_OBJC_WEAK = YES;
				CLANG_WARN_BLOCK_CAPTURE_AUTORELEASING = YES;
				CLANG_WARN_BOOL_CONVERSION = YES;
				CLANG_WARN_COMMA = YES;
				CLANG_WARN_CONSTANT_CONVERSION = YES;
				CLANG_WARN_DEPRECATED_OBJC_IMPLEMENTATIONS = YES;
				CLANG_WARN_DIRECT_OBJC_ISA_USAGE = YES_ERROR;
				CLANG_WARN_DOCUMENTATION_COMMENTS = YES;
				CLANG_WARN_EMPTY_BODY = YES;
				CLANG_WARN_ENUM_CONVERSION = YES;
				CLANG_WARN_INFINITE_RECURSION = YES;
				CLANG_WARN_INT_CONVERSION = YES;
				CLANG_WARN_NON_LITERAL_NULL_CONVERSION = YES;
				CLANG_WARN_OBJC_IMPLICIT_RETAIN_SELF = YES;
				CLANG_WARN_OBJC_LITERAL_CONVERSION = YES;
				CLANG_WARN_OBJC_ROOT_CLASS = YES_ERROR;
				CLANG_WARN_QUOTED_INCLUDE_IN_FRAMEWORK_HEADER = YES;
				CLANG_WARN_RANGE_LOOP_ANALYSIS = YES;
				CLANG_WARN_STRICT_PROTOTYPES = YES;
				CLANG_WARN_SUSPICIOUS_MOVE = YES;
				CLANG_WARN_UNGUARDED_AVAILABILITY = YES_AGGRESSIVE;
				CLANG_WARN_UNREACHABLE_CODE = YES;
				CLANG_WARN__DUPLICATE_METHOD_MATCH = YES;
				COPY_PHASE_STRIP = NO;
				DEBUG_INFORMATION_FORMAT = dwarf;
				ENABLE_STRICT_OBJC_MSGSEND = YES;
				ENABLE_TESTABILITY = YES;
				GCC_C_LANGUAGE_STANDARD = gnu11;
				GCC_DYNAMIC_NO_PIC = NO;
				GCC_NO_COMMON_BLOCKS = YES;
				GCC_OPTIMIZATION_LEVEL = 0;
				GCC_PREPROCESSOR_DEFINITIONS = (
					"DEBUG=1",
					"$(inherited)",
				);
				GCC_WARN_64_TO_32_BIT_CONVERSION = YES;
				GCC_WARN_ABOUT_RETURN_TYPE = YES_ERROR;
				GCC_WARN_UNDECLARED_SELECTOR = YES;
				GCC_WARN_UNINITIALIZED_AUTOS = YES_AGGRESSIVE;
				GCC_WARN_UNUSED_FUNCTION = YES;
				GCC_WARN_UNUSED_VARIABLE = YES;
				IPHONEOS_DEPLOYMENT_TARGET = 16.4;
				MTL_ENABLE_DEBUG_INFO = INCLUDE_SOURCE;
				MTL_FAST_MATH = YES;
				ONLY_ACTIVE_ARCH = YES;
				SDKROOT = iphoneos;
				SWIFT_ACTIVE_COMPILATION_CONDITIONS = DEBUG;
				SWIFT_OPTIMIZATION_LEVEL = "-Onone";
			};
			name = Debug;
		};
		D244FF362A8ECA0F00199360 /* Release */ = {
			isa = XCBuildConfiguration;
			buildSettings = {
				ALWAYS_SEARCH_USER_PATHS = NO;
				CLANG_ANALYZER_NONNULL = YES;
				CLANG_ANALYZER_NUMBER_OBJECT_CONVERSION = YES_AGGRESSIVE;
				CLANG_CXX_LANGUAGE_STANDARD = "gnu++20";
				CLANG_ENABLE_MODULES = YES;
				CLANG_ENABLE_OBJC_ARC = YES;
				CLANG_ENABLE_OBJC_WEAK = YES;
				CLANG_WARN_BLOCK_CAPTURE_AUTORELEASING = YES;
				CLANG_WARN_BOOL_CONVERSION = YES;
				CLANG_WARN_COMMA = YES;
				CLANG_WARN_CONSTANT_CONVERSION = YES;
				CLANG_WARN_DEPRECATED_OBJC_IMPLEMENTATIONS = YES;
				CLANG_WARN_DIRECT_OBJC_ISA_USAGE = YES_ERROR;
				CLANG_WARN_DOCUMENTATION_COMMENTS = YES;
				CLANG_WARN_EMPTY_BODY = YES;
				CLANG_WARN_ENUM_CONVERSION = YES;
				CLANG_WARN_INFINITE_RECURSION = YES;
				CLANG_WARN_INT_CONVERSION = YES;
				CLANG_WARN_NON_LITERAL_NULL_CONVERSION = YES;
				CLANG_WARN_OBJC_IMPLICIT_RETAIN_SELF = YES;
				CLANG_WARN_OBJC_LITERAL_CONVERSION = YES;
				CLANG_WARN_OBJC_ROOT_CLASS = YES_ERROR;
				CLANG_WARN_QUOTED_INCLUDE_IN_FRAMEWORK_HEADER = YES;
				CLANG_WARN_RANGE_LOOP_ANALYSIS = YES;
				CLANG_WARN_STRICT_PROTOTYPES = YES;
				CLANG_WARN_SUSPICIOUS_MOVE = YES;
				CLANG_WARN_UNGUARDED_AVAILABILITY = YES_AGGRESSIVE;
				CLANG_WARN_UNREACHABLE_CODE = YES;
				CLANG_WARN__DUPLICATE_METHOD_MATCH = YES;
				COPY_PHASE_STRIP = NO;
				DEBUG_INFORMATION_FORMAT = "dwarf-with-dsym";
				ENABLE_NS_ASSERTIONS = NO;
				ENABLE_STRICT_OBJC_MSGSEND = YES;
				GCC_C_LANGUAGE_STANDARD = gnu11;
				GCC_NO_COMMON_BLOCKS = YES;
				GCC_WARN_64_TO_32_BIT_CONVERSION = YES;
				GCC_WARN_ABOUT_RETURN_TYPE = YES_ERROR;
				GCC_WARN_UNDECLARED_SELECTOR = YES;
				GCC_WARN_UNINITIALIZED_AUTOS = YES_AGGRESSIVE;
				GCC_WARN_UNUSED_FUNCTION = YES;
				GCC_WARN_UNUSED_VARIABLE = YES;
				IPHONEOS_DEPLOYMENT_TARGET = 16.4;
				MTL_ENABLE_DEBUG_INFO = NO;
				MTL_FAST_MATH = YES;
				SDKROOT = iphoneos;
				SWIFT_COMPILATION_MODE = wholemodule;
				SWIFT_OPTIMIZATION_LEVEL = "-O";
				VALIDATE_PRODUCT = YES;
			};
			name = Release;
		};
		D244FF382A8ECA0F00199360 /* Debug */ = {
			isa = XCBuildConfiguration;
			buildSettings = {
				ASSETCATALOG_COMPILER_APPICON_NAME = AppIcon;
				ASSETCATALOG_COMPILER_GLOBAL_ACCENT_COLOR_NAME = AccentColor;
				CODE_SIGN_STYLE = Automatic;
				CURRENT_PROJECT_VERSION = 1;
				GENERATE_INFOPLIST_FILE = YES;
				INFOPLIST_FILE = BeerApp/Info.plist;
				INFOPLIST_KEY_UIApplicationSupportsIndirectInputEvents = YES;
				INFOPLIST_KEY_UILaunchStoryboardName = LaunchScreen;
				INFOPLIST_KEY_UIMainStoryboardFile = Main;
				INFOPLIST_KEY_UISupportedInterfaceOrientations_iPad = "UIInterfaceOrientationPortrait UIInterfaceOrientationPortraitUpsideDown UIInterfaceOrientationLandscapeLeft UIInterfaceOrientationLandscapeRight";
				INFOPLIST_KEY_UISupportedInterfaceOrientations_iPhone = "UIInterfaceOrientationPortrait UIInterfaceOrientationLandscapeLeft UIInterfaceOrientationLandscapeRight";
				LD_RUNPATH_SEARCH_PATHS = (
					"$(inherited)",
					"@executable_path/Frameworks",
				);
				MARKETING_VERSION = 1.0;
				PRODUCT_BUNDLE_IDENTIFIER = com.joaquinco.BeerApp;
				PRODUCT_NAME = "$(TARGET_NAME)";
				SWIFT_EMIT_LOC_STRINGS = YES;
				SWIFT_VERSION = 5.0;
				TARGETED_DEVICE_FAMILY = "1,2";
			};
			name = Debug;
		};
		D244FF392A8ECA0F00199360 /* Release */ = {
			isa = XCBuildConfiguration;
			buildSettings = {
				ASSETCATALOG_COMPILER_APPICON_NAME = AppIcon;
				ASSETCATALOG_COMPILER_GLOBAL_ACCENT_COLOR_NAME = AccentColor;
				CODE_SIGN_STYLE = Automatic;
				CURRENT_PROJECT_VERSION = 1;
				GENERATE_INFOPLIST_FILE = YES;
				INFOPLIST_FILE = BeerApp/Info.plist;
				INFOPLIST_KEY_UIApplicationSupportsIndirectInputEvents = YES;
				INFOPLIST_KEY_UILaunchStoryboardName = LaunchScreen;
				INFOPLIST_KEY_UIMainStoryboardFile = Main;
				INFOPLIST_KEY_UISupportedInterfaceOrientations_iPad = "UIInterfaceOrientationPortrait UIInterfaceOrientationPortraitUpsideDown UIInterfaceOrientationLandscapeLeft UIInterfaceOrientationLandscapeRight";
				INFOPLIST_KEY_UISupportedInterfaceOrientations_iPhone = "UIInterfaceOrientationPortrait UIInterfaceOrientationLandscapeLeft UIInterfaceOrientationLandscapeRight";
				LD_RUNPATH_SEARCH_PATHS = (
					"$(inherited)",
					"@executable_path/Frameworks",
				);
				MARKETING_VERSION = 1.0;
				PRODUCT_BUNDLE_IDENTIFIER = com.joaquinco.BeerApp;
				PRODUCT_NAME = "$(TARGET_NAME)";
				SWIFT_EMIT_LOC_STRINGS = YES;
				SWIFT_VERSION = 5.0;
				TARGETED_DEVICE_FAMILY = "1,2";
			};
			name = Release;
		};
		D244FF3B2A8ECA0F00199360 /* Debug */ = {
			isa = XCBuildConfiguration;
			buildSettings = {
				ALWAYS_EMBED_SWIFT_STANDARD_LIBRARIES = YES;
				BUNDLE_LOADER = "$(TEST_HOST)";
				CODE_SIGN_STYLE = Automatic;
				CURRENT_PROJECT_VERSION = 1;
				GENERATE_INFOPLIST_FILE = YES;
				IPHONEOS_DEPLOYMENT_TARGET = 16.4;
				MARKETING_VERSION = 1.0;
				PRODUCT_BUNDLE_IDENTIFIER = com.joaquinco.BeerAppTests;
				PRODUCT_NAME = "$(TARGET_NAME)";
				SWIFT_EMIT_LOC_STRINGS = NO;
				SWIFT_VERSION = 5.0;
				TARGETED_DEVICE_FAMILY = "1,2";
				TEST_HOST = "$(BUILT_PRODUCTS_DIR)/BeerApp.app/$(BUNDLE_EXECUTABLE_FOLDER_PATH)/BeerApp";
			};
			name = Debug;
		};
		D244FF3C2A8ECA0F00199360 /* Release */ = {
			isa = XCBuildConfiguration;
			buildSettings = {
				ALWAYS_EMBED_SWIFT_STANDARD_LIBRARIES = YES;
				BUNDLE_LOADER = "$(TEST_HOST)";
				CODE_SIGN_STYLE = Automatic;
				CURRENT_PROJECT_VERSION = 1;
				GENERATE_INFOPLIST_FILE = YES;
				IPHONEOS_DEPLOYMENT_TARGET = 16.4;
				MARKETING_VERSION = 1.0;
				PRODUCT_BUNDLE_IDENTIFIER = com.joaquinco.BeerAppTests;
				PRODUCT_NAME = "$(TARGET_NAME)";
				SWIFT_EMIT_LOC_STRINGS = NO;
				SWIFT_VERSION = 5.0;
				TARGETED_DEVICE_FAMILY = "1,2";
				TEST_HOST = "$(BUILT_PRODUCTS_DIR)/BeerApp.app/$(BUNDLE_EXECUTABLE_FOLDER_PATH)/BeerApp";
			};
			name = Release;
		};
		D244FF3E2A8ECA0F00199360 /* Debug */ = {
			isa = XCBuildConfiguration;
			buildSettings = {
				ALWAYS_EMBED_SWIFT_STANDARD_LIBRARIES = YES;
				CODE_SIGN_STYLE = Automatic;
				CURRENT_PROJECT_VERSION = 1;
				GENERATE_INFOPLIST_FILE = YES;
				MARKETING_VERSION = 1.0;
				PRODUCT_BUNDLE_IDENTIFIER = com.joaquinco.BeerAppUITests;
				PRODUCT_NAME = "$(TARGET_NAME)";
				SWIFT_EMIT_LOC_STRINGS = NO;
				SWIFT_VERSION = 5.0;
				TARGETED_DEVICE_FAMILY = "1,2";
				TEST_TARGET_NAME = BeerApp;
			};
			name = Debug;
		};
		D244FF3F2A8ECA0F00199360 /* Release */ = {
			isa = XCBuildConfiguration;
			buildSettings = {
				ALWAYS_EMBED_SWIFT_STANDARD_LIBRARIES = YES;
				CODE_SIGN_STYLE = Automatic;
				CURRENT_PROJECT_VERSION = 1;
				GENERATE_INFOPLIST_FILE = YES;
				MARKETING_VERSION = 1.0;
				PRODUCT_BUNDLE_IDENTIFIER = com.joaquinco.BeerAppUITests;
				PRODUCT_NAME = "$(TARGET_NAME)";
				SWIFT_EMIT_LOC_STRINGS = NO;
				SWIFT_VERSION = 5.0;
				TARGETED_DEVICE_FAMILY = "1,2";
				TEST_TARGET_NAME = BeerApp;
			};
			name = Release;
		};
/* End XCBuildConfiguration section */

/* Begin XCConfigurationList section */
		D244FF082A8ECA0D00199360 /* Build configuration list for PBXProject "BeerApp" */ = {
			isa = XCConfigurationList;
			buildConfigurations = (
				D244FF352A8ECA0F00199360 /* Debug */,
				D244FF362A8ECA0F00199360 /* Release */,
			);
			defaultConfigurationIsVisible = 0;
			defaultConfigurationName = Release;
		};
		D244FF372A8ECA0F00199360 /* Build configuration list for PBXNativeTarget "BeerApp" */ = {
			isa = XCConfigurationList;
			buildConfigurations = (
				D244FF382A8ECA0F00199360 /* Debug */,
				D244FF392A8ECA0F00199360 /* Release */,
			);
			defaultConfigurationIsVisible = 0;
			defaultConfigurationName = Release;
		};
		D244FF3A2A8ECA0F00199360 /* Build configuration list for PBXNativeTarget "BeerAppTests" */ = {
			isa = XCConfigurationList;
			buildConfigurations = (
				D244FF3B2A8ECA0F00199360 /* Debug */,
				D244FF3C2A8ECA0F00199360 /* Release */,
			);
			defaultConfigurationIsVisible = 0;
			defaultConfigurationName = Release;
		};
		D244FF3D2A8ECA0F00199360 /* Build configuration list for PBXNativeTarget "BeerAppUITests" */ = {
			isa = XCConfigurationList;
			buildConfigurations = (
				D244FF3E2A8ECA0F00199360 /* Debug */,
				D244FF3F2A8ECA0F00199360 /* Release */,
			);
			defaultConfigurationIsVisible = 0;
			defaultConfigurationName = Release;
		};
/* End XCConfigurationList section */
	};
	rootObject = D244FF052A8ECA0D00199360 /* Project object */;
}
